
Microsoft Visual Studio Solution File, Format Version 12.00
# Visual Studio Version 17
VisualStudioVersion = 17.13.35931.197 d17.13
MinimumVisualStudioVersion = 10.0.40219.1
Project("{FAE04EC0-301F-11D3-BF4B-00C04F79EFBC}") = "YolArkadasım", "YolArkadasım\YolArkadasım.csproj", "{C578CAD1-92C4-4940-A9BA-559D9085E11F}"
EndProject
Global
	GlobalSection(SolutionConfigurationPlatforms) = preSolution
		Debug|Any CPU = Debug|Any CPU
		Release|Any CPU = Release|Any CPU
	EndGlobalSection
	GlobalSection(ProjectConfigurationPlatforms) = postSolution
		{C578CAD1-92C4-4940-A9BA-559D9085E11F}.Debug|Any CPU.ActiveCfg = Debug|Any CPU
		{C578CAD1-92C4-4940-A9BA-559D9085E11F}.Debug|Any CPU.Build.0 = Debug|Any CPU
		{C578CAD1-92C4-4940-A9BA-559D9085E11F}.Release|Any CPU.ActiveCfg = Release|Any CPU
		{C578CAD1-92C4-4940-A9BA-559D9085E11F}.Release|Any CPU.Build.0 = Release|Any CPU
	EndGlobalSection
	GlobalSection(SolutionProperties) = preSolution
		HideSolutionNode = FALSE
	EndGlobalSection
	GlobalSection(ExtensibilityGlobals) = postSolution
		SolutionGuid = {0E551DEE-9536-4F77-A713-9F9366B70A08}
	EndGlobalSection
EndGlobal
